{
	"requires": true,
	"lockfileVersion": 1,
	"dependencies": {
		"ajv": {
			"version": "6.1.1",
			"resolved": "https://registry.npmjs.org/ajv/-/ajv-6.1.1.tgz",
			"integrity": "sha1-l41Zf7wrfQ5aXD3esUmmgvKr+g4=",
			"requires": {
				"fast-deep-equal": "1.0.0",
				"fast-json-stable-stringify": "2.0.0",
				"json-schema-traverse": "0.3.1"
			}
		},
		"fast-deep-equal": {
			"version": "1.0.0",
			"resolved": "https://registry.npmjs.org/fast-deep-equal/-/fast-deep-equal-1.0.0.tgz",
			"integrity": "sha1-liVqO8l1WV6zbYLpkp0GDYk0Of8="
		},
		"fast-json-stable-stringify": {
			"version": "2.0.0",
			"resolved": "https://registry.npmjs.org/fast-json-stable-stringify/-/fast-json-stable-stringify-2.0.0.tgz",
			"integrity": "sha1-1RQsDK7msRifh9OnYREGT4bIu/I="
		},
		"json-schema-traverse": {
			"version": "0.3.1",
			"resolved": "https://registry.npmjs.org/json-schema-traverse/-/json-schema-traverse-0.3.1.tgz",
			"integrity": "sha1-NJptRMU6Ud6JtAgFxdXlm0F9M0A="
		},
		"lodash": {
			"version": "4.17.5",
			"resolved": "https://registry.npmjs.org/lodash/-/lodash-4.17.5.tgz",
			"integrity": "sha512-svL3uiZf1RwhH+cWrfZn3A4+U58wbP0tGVTLQPbjplZxZ8ROD9VLuNgsRniTlLe7OlSqR79RUehXgpBW/s0IQw=="
		},
		"three": {
			"version": "0.89.0",
			"resolved": "https://registry.npmjs.org/three/-/three-0.89.0.tgz",
			"integrity": "sha1-RELYGaYWiHG40ss3rRKiQxDBcPU="
		},
		"uuid": {
			"version": "3.2.1",
			"resolved": "https://registry.npmjs.org/uuid/-/uuid-3.2.1.tgz",
			"integrity": "sha512-jZnMwlb9Iku/O3smGWvZhauCf6cvvpKi4BKRiliS3cxnI+Gz9j5MEpTz2UFuXiKPJocb7gnsLHwiS05ige5BEA=="
		}
	}
}
