{
  "name": "@microdrop/device-ui-plugin",
  "version": "0.1.0",
  "lockfileVersion": 1,
  "requires": true,
  "dependencies": {
    "@microdrop/device-controller": {
      "version": "0.2.3",
      "resolved": "https://registry.npmjs.org/@microdrop/device-controller/-/device-controller-0.2.3.tgz",
      "integrity": "sha512-d2W6+MkATDrDuRCV9QtRR0xRra+CRCkwL2/vxuEaYS3Mi9FeHIDVmxmTb+nUvMrMqJhAlDAJIpDmZ9bDqOTTpA==",
      "requires": {
        "backbone": "1.3.3",
        "dat.gui": "0.6.1",
        "jquery": "3.2.1",
        "jquery-contextmenu": "2.6.3",
        "keyboard-shortcut": "1.2.0",
        "lodash": "4.17.4",
        "three": "0.87.1",
        "three-helpers.mouse-event-handler": "1.0.1",
        "three-helpers.svg-paths-group": "1.0.3",
        "three-orbit-controls": "82.1.0",
        "three.meshline": "1.0.3",
        "three.planetransform": "1.0.0",
        "threex-domevents": "1.0.0",
        "two.js": "github:jonobr1/two.js#42d5ae4ad53102c65c4712da8630cc81bf1677aa",
        "url-loader": "0.6.2"
      }
    },
    "ajv": {
      "version": "5.3.0",
      "resolved": "https://registry.npmjs.org/ajv/-/ajv-5.3.0.tgz",
      "integrity": "sha1-RBT/dKUIecII7l/cgm4ywwNUnto=",
      "requires": {
        "co": "4.6.0",
        "fast-deep-equal": "1.0.0",
        "fast-json-stable-stringify": "2.0.0",
        "json-schema-traverse": "0.3.1"
      }
    },
    "backbone": {
      "version": "1.3.3",
      "resolved": "https://registry.npmjs.org/backbone/-/backbone-1.3.3.tgz",
      "integrity": "sha1-TMgOp8sWMaxHSInOQPL4vGg7KZk=",
      "requires": {
        "underscore": "1.8.3"
      }
    },
    "big.js": {
      "version": "3.2.0",
      "resolved": "https://registry.npmjs.org/big.js/-/big.js-3.2.0.tgz",
      "integrity": "sha512-+hN/Zh2D08Mx65pZ/4g5bsmNiZUuChDiQfTUQ7qJr4/kuopCr88xZsAXv6mBoZEsUI4OuGHlX59qE94K2mMW8Q=="
    },
    "co": {
      "version": "4.6.0",
      "resolved": "https://registry.npmjs.org/co/-/co-4.6.0.tgz",
      "integrity": "sha1-bqa989hTrlTMuOR7+gvz+QMfsYQ="
    },
    "dat.gui": {
      "version": "0.6.1",
      "resolved": "https://registry.npmjs.org/dat.gui/-/dat.gui-0.6.1.tgz",
      "integrity": "sha1-fD0KKsLFcNr7YbkSA/1/4xcdasc="
    },
    "emojis-list": {
      "version": "2.1.0",
      "resolved": "https://registry.npmjs.org/emojis-list/-/emojis-list-2.1.0.tgz",
      "integrity": "sha1-TapNnbAPmBmIDHn6RXrlsJof04k="
    },
    "fast-deep-equal": {
      "version": "1.0.0",
      "resolved": "https://registry.npmjs.org/fast-deep-equal/-/fast-deep-equal-1.0.0.tgz",
      "integrity": "sha1-liVqO8l1WV6zbYLpkp0GDYk0Of8="
    },
    "fast-json-stable-stringify": {
      "version": "2.0.0",
      "resolved": "https://registry.npmjs.org/fast-json-stable-stringify/-/fast-json-stable-stringify-2.0.0.tgz",
      "integrity": "sha1-1RQsDK7msRifh9OnYREGT4bIu/I="
    },
    "jquery": {
      "version": "3.2.1",
      "resolved": "https://registry.npmjs.org/jquery/-/jquery-3.2.1.tgz",
      "integrity": "sha1-XE2d5lKvbNCncBVKYxu6ErAVx4c="
    },
    "jquery-contextmenu": {
      "version": "2.6.3",
      "resolved": "https://registry.npmjs.org/jquery-contextmenu/-/jquery-contextmenu-2.6.3.tgz",
      "integrity": "sha1-Aqk3rSorv14xHx23weswR9wYNIE="
    },
    "json-schema-traverse": {
      "version": "0.3.1",
      "resolved": "https://registry.npmjs.org/json-schema-traverse/-/json-schema-traverse-0.3.1.tgz",
      "integrity": "sha1-NJptRMU6Ud6JtAgFxdXlm0F9M0A="
    },
    "json5": {
      "version": "0.5.1",
      "resolved": "https://registry.npmjs.org/json5/-/json5-0.5.1.tgz",
      "integrity": "sha1-Hq3nrMASA0rYTiOWdn6tn6VJWCE="
    },
    "keyboard-shortcut": {
      "version": "1.2.0",
      "resolved": "https://registry.npmjs.org/keyboard-shortcut/-/keyboard-shortcut-1.2.0.tgz",
      "integrity": "sha1-VNa0pdLi6REp2H2Y/Gxw8cJyEYc=",
      "requires": {
        "vkeys": "1.2.0"
      }
    },
    "loader-utils": {
      "version": "1.1.0",
      "resolved": "https://registry.npmjs.org/loader-utils/-/loader-utils-1.1.0.tgz",
      "integrity": "sha1-yYrvSIvM7aL/teLeZG1qdUQp9c0=",
      "requires": {
        "big.js": "3.2.0",
        "emojis-list": "2.1.0",
        "json5": "0.5.1"
      }
    },
    "lodash": {
      "version": "4.17.4",
      "resolved": "https://registry.npmjs.org/lodash/-/lodash-4.17.4.tgz",
      "integrity": "sha1-eCA6TRwyiuHYbcpkYONptX9AVa4="
    },
    "mime": {
      "version": "1.4.1",
      "resolved": "https://registry.npmjs.org/mime/-/mime-1.4.1.tgz",
      "integrity": "sha512-KI1+qOZu5DcW6wayYHSzR/tXKCDC5Om4s1z2QJjDULzLcmf3DvzS7oluY4HCTrc+9FiKmWUgeNLg7W3uIQvxtQ=="
    },
    "numeric": {
      "version": "1.2.6",
      "resolved": "https://registry.npmjs.org/numeric/-/numeric-1.2.6.tgz",
      "integrity": "sha1-dlsCvvl5iPz4gNTrPza4D6MTNao="
    },
    "schema-utils": {
      "version": "0.3.0",
      "resolved": "https://registry.npmjs.org/schema-utils/-/schema-utils-0.3.0.tgz",
      "integrity": "sha1-9YdyIs4+kx7a4DnxfrNxbnE3+M8=",
      "requires": {
        "ajv": "5.3.0"
      }
    },
    "three": {
      "version": "0.87.1",
      "resolved": "https://registry.npmjs.org/three/-/three-0.87.1.tgz",
      "integrity": "sha1-Rmo07cRUNFnO2bnX0na2Uhb+K6g="
    },
    "three-helpers.mouse-event-handler": {
      "version": "1.0.1",
      "resolved": "https://registry.npmjs.org/three-helpers.mouse-event-handler/-/three-helpers.mouse-event-handler-1.0.1.tgz",
      "integrity": "sha1-+z4EGkaFigfTgW5CvGeEjMtKOPg=",
      "requires": {
        "backbone": "1.3.3",
        "lodash": "4.17.4"
      }
    },
    "three-helpers.svg-paths-group": {
      "version": "1.0.3",
      "resolved": "https://registry.npmjs.org/three-helpers.svg-paths-group/-/three-helpers.svg-paths-group-1.0.3.tgz",
      "integrity": "sha512-lq2CeV1f5KT4py5QjQvFwpotITZCbCluiRNx69BCYje8WxW9hitClWcIW775HbqjpK52uuSlJZ2EQEUzvis1Jw==",
      "requires": {
        "lodash": "4.17.4",
        "two.js": "github:jonobr1/two.js#42d5ae4ad53102c65c4712da8630cc81bf1677aa"
      }
    },
    "three-orbit-controls": {
      "version": "82.1.0",
      "resolved": "https://registry.npmjs.org/three-orbit-controls/-/three-orbit-controls-82.1.0.tgz",
      "integrity": "sha1-EafzPQog7OyY8Jizd4D2U3N0+rQ="
    },
    "three.meshline": {
      "version": "1.0.3",
      "resolved": "https://registry.npmjs.org/three.meshline/-/three.meshline-1.0.3.tgz",
      "integrity": "sha1-hekZDZ3ha73P/MCDdGw+qCvhWps="
    },
    "three.planetransform": {
      "version": "1.0.0",
      "resolved": "https://registry.npmjs.org/three.planetransform/-/three.planetransform-1.0.0.tgz",
      "integrity": "sha512-KiaJqwUYRPc/mBWbamI/7NPWb5XcVIpSxpbcjEsXZ6HsTO1bWhgdszgzweJRg0Ymc/Hvhrb0CESa9lK2X5jfyQ==",
      "requires": {
        "lodash": "4.17.4",
        "numeric": "1.2.6"
      }
    },
    "threex-domevents": {
      "version": "1.0.0",
      "resolved": "https://registry.npmjs.org/threex-domevents/-/threex-domevents-1.0.0.tgz",
      "integrity": "sha1-3vOBHkOMFP+uIFAzpO22SFDx2kU="
    },
    "two.js": {
      "version": "github:jonobr1/two.js#42d5ae4ad53102c65c4712da8630cc81bf1677aa"
    },
    "underscore": {
      "version": "1.8.3",
      "resolved": "https://registry.npmjs.org/underscore/-/underscore-1.8.3.tgz",
      "integrity": "sha1-Tz+1OxBuYJf8+ctBCfKl6b36UCI="
    },
    "url-loader": {
      "version": "0.6.2",
      "resolved": "https://registry.npmjs.org/url-loader/-/url-loader-0.6.2.tgz",
      "integrity": "sha512-h3qf9TNn53BpuXTTcpC+UehiRrl0Cv45Yr/xWayApjw6G8Bg2dGke7rIwDQ39piciWCWrC+WiqLjOh3SUp9n0Q==",
      "requires": {
        "loader-utils": "1.1.0",
        "mime": "1.4.1",
        "schema-utils": "0.3.0"
      }
    },
    "vkeys": {
      "version": "1.2.0",
      "resolved": "https://registry.npmjs.org/vkeys/-/vkeys-1.2.0.tgz",
      "integrity": "sha1-mDsyFhtimlJhEWSCI+BDK2AE05s="
    }
  }
}
