{
  "name": "@microdrop/device-ui-plugin",
  "version": "0.1.2",
  "lockfileVersion": 1,
  "requires": true,
  "dependencies": {
    "@microdrop/async": {
      "version": "0.0.20",
      "resolved": "https://registry.npmjs.org/@microdrop/async/-/async-0.0.20.tgz",
      "integrity": "sha512-z7GH2JR1QqMaMwaiXOESpmiKqPyLk5b6zcf2eojB3oVBR1yQ9//EZTbnEa32qIremQ/HPQ5MrwRFqdq/j3gFfQ==",
      "requires": {
        "@mqttclient/node": "0.0.15",
        "@mqttclient/web": "0.0.16",
        "lodash": "4.17.4",
        "mqtt": "2.14.0"
      }
    },
    "@microdrop/device-controller": {
      "version": "0.2.4",
      "resolved": "https://registry.npmjs.org/@microdrop/device-controller/-/device-controller-0.2.4.tgz",
      "integrity": "sha512-U/PyXpqgFY5vFHxR+0bSuSmlbL7D+qnjQt9LaVd1FpqM6gvmFpfasy261SYmPRfLAaDDa7ja0n08jKQdDNI79A==",
      "requires": {
        "backbone": "1.3.3",
        "dat.gui": "0.6.1",
        "jquery": "3.2.1",
        "jquery-contextmenu": "2.6.3",
        "keyboard-shortcut": "1.2.0",
        "lodash": "4.17.4",
        "three": "0.87.1",
        "three-helpers.mouse-event-handler": "1.0.1",
        "three-helpers.svg-paths-group": "1.0.3",
        "three-orbit-controls": "82.1.0",
        "three-window-resize": "1.0.4",
        "three.meshline": "1.0.3",
        "three.planetransform": "1.0.0",
        "threex-domevents": "1.0.0",
        "two.js": "github:jonobr1/two.js#42d5ae4ad53102c65c4712da8630cc81bf1677aa",
        "url-loader": "0.6.2"
      },
      "dependencies": {
        "two.js": {
          "version": "github:jonobr1/two.js#42d5ae4ad53102c65c4712da8630cc81bf1677aa"
        }
      }
    },
    "@mqttclient/mqtt-messages": {
      "version": "0.0.8",
      "resolved": "https://registry.npmjs.org/@mqttclient/mqtt-messages/-/mqtt-messages-0.0.8.tgz",
      "integrity": "sha512-iFkCoxZaV+aiRXG3MQFhm8lke4nGs5cgi2rqlOQWjbSFtDWcs1toXG2U8Nb7YTCiVC8gZeT/Z4CxOwTh79756A=="
    },
    "@mqttclient/node": {
      "version": "0.0.15",
      "resolved": "https://registry.npmjs.org/@mqttclient/node/-/node-0.0.15.tgz",
      "integrity": "sha512-KarjAboGeuU9QfQVZyPg708hyJcNdeoqH2JWrT+WThC5lCsGeTCGLWBheEcak5PGVJrDJJ9nDlL7LnvrMFPD9A==",
      "requires": {
        "@mqttclient/mqtt-messages": "0.0.8",
        "backbone": "1.3.3",
        "crossroads": "0.12.2",
        "jquery": "3.2.1",
        "lodash": "4.17.4",
        "mqtt": "2.14.0"
      }
    },
    "@mqttclient/web": {
      "version": "0.0.16",
      "resolved": "https://registry.npmjs.org/@mqttclient/web/-/web-0.0.16.tgz",
      "integrity": "sha512-wtCv/i0AFv7gPCB36h9a2yOljp8hwa6bloJd+Qp0A+UeI3U/zzLEXZsdc5YrBlXtuIWJ3WphJidedyfXPM6PYQ==",
      "requires": {
        "@mqttclient/mqtt-messages": "0.0.8",
        "backbone": "1.3.3",
        "crossroads": "0.12.2",
        "jquery": "3.2.1",
        "lodash": "4.17.4",
        "paho-mqtt": "git+https://github.com/AngelKyriako/paho.mqtt.javascript.git#c8c4b8ef92800288810e56a92f5c15ec997c11d9"
      }
    },
    "ajv": {
      "version": "5.3.0",
      "resolved": "https://registry.npmjs.org/ajv/-/ajv-5.3.0.tgz",
      "integrity": "sha1-RBT/dKUIecII7l/cgm4ywwNUnto=",
      "requires": {
        "co": "4.6.0",
        "fast-deep-equal": "1.0.0",
        "fast-json-stable-stringify": "2.0.0",
        "json-schema-traverse": "0.3.1"
      }
    },
    "async-limiter": {
      "version": "1.0.0",
      "resolved": "https://registry.npmjs.org/async-limiter/-/async-limiter-1.0.0.tgz",
      "integrity": "sha512-jp/uFnooOiO+L211eZOoSyzpOITMXx1rBITauYykG3BRYPu8h0UcxsPNB04RR5vo4Tyz3+ay17tR6JVf9qzYWg=="
    },
    "async-mqtt": {
      "version": "1.0.1",
      "resolved": "https://registry.npmjs.org/async-mqtt/-/async-mqtt-1.0.1.tgz",
      "integrity": "sha1-sZk0h3biAAndivgDwTR6MGnNjFg=",
      "requires": {
        "in-array": "0.1.2",
        "mqtt": "2.14.0"
      }
    },
    "backbone": {
      "version": "1.3.3",
      "resolved": "https://registry.npmjs.org/backbone/-/backbone-1.3.3.tgz",
      "integrity": "sha1-TMgOp8sWMaxHSInOQPL4vGg7KZk=",
      "requires": {
        "underscore": "1.8.3"
      }
    },
    "balanced-match": {
      "version": "1.0.0",
      "resolved": "https://registry.npmjs.org/balanced-match/-/balanced-match-1.0.0.tgz",
      "integrity": "sha1-ibTRmasr7kneFk6gK4nORi1xt2c="
    },
    "big.js": {
      "version": "3.2.0",
      "resolved": "https://registry.npmjs.org/big.js/-/big.js-3.2.0.tgz",
      "integrity": "sha512-+hN/Zh2D08Mx65pZ/4g5bsmNiZUuChDiQfTUQ7qJr4/kuopCr88xZsAXv6mBoZEsUI4OuGHlX59qE94K2mMW8Q=="
    },
    "bl": {
      "version": "1.2.1",
      "resolved": "https://registry.npmjs.org/bl/-/bl-1.2.1.tgz",
      "integrity": "sha1-ysMo977kVzDUBLaSID/LWQ4XLV4=",
      "requires": {
        "readable-stream": "2.3.3"
      }
    },
    "brace-expansion": {
      "version": "1.1.8",
      "resolved": "https://registry.npmjs.org/brace-expansion/-/brace-expansion-1.1.8.tgz",
      "integrity": "sha1-wHshHHyVLsH479Uad+8NHTmQopI=",
      "requires": {
        "balanced-match": "1.0.0",
        "concat-map": "0.0.1"
      }
    },
    "callback-stream": {
      "version": "1.1.0",
      "resolved": "https://registry.npmjs.org/callback-stream/-/callback-stream-1.1.0.tgz",
      "integrity": "sha1-RwGlEmbwbgbqpx/BcjOCLYdfSQg=",
      "requires": {
        "inherits": "2.0.3",
        "readable-stream": "2.3.3"
      }
    },
    "co": {
      "version": "4.6.0",
      "resolved": "https://registry.npmjs.org/co/-/co-4.6.0.tgz",
      "integrity": "sha1-bqa989hTrlTMuOR7+gvz+QMfsYQ="
    },
    "commist": {
      "version": "1.0.0",
      "resolved": "https://registry.npmjs.org/commist/-/commist-1.0.0.tgz",
      "integrity": "sha1-wMNSUBz29S6RJOPvicmAbiAi6+8=",
      "requires": {
        "leven": "1.0.2",
        "minimist": "1.2.0"
      }
    },
    "concat-map": {
      "version": "0.0.1",
      "resolved": "https://registry.npmjs.org/concat-map/-/concat-map-0.0.1.tgz",
      "integrity": "sha1-2Klr13/Wjfd5OnMDajug1UBdR3s="
    },
    "concat-stream": {
      "version": "1.6.0",
      "resolved": "https://registry.npmjs.org/concat-stream/-/concat-stream-1.6.0.tgz",
      "integrity": "sha1-CqxmL9Ur54lk1VMvaUeE5wEQrPc=",
      "requires": {
        "inherits": "2.0.3",
        "readable-stream": "2.3.3",
        "typedarray": "0.0.6"
      }
    },
    "core-util-is": {
      "version": "1.0.2",
      "resolved": "https://registry.npmjs.org/core-util-is/-/core-util-is-1.0.2.tgz",
      "integrity": "sha1-tf1UIgqivFq1eqtxQMlAdUUDwac="
    },
    "crossroads": {
      "version": "0.12.2",
      "resolved": "https://registry.npmjs.org/crossroads/-/crossroads-0.12.2.tgz",
      "integrity": "sha1-sdX5wdmK873WHxvaaobdGu5P+PI=",
      "requires": {
        "signals": "1.0.0"
      }
    },
    "dat.gui": {
      "version": "0.6.1",
      "resolved": "https://registry.npmjs.org/dat.gui/-/dat.gui-0.6.1.tgz",
      "integrity": "sha1-fD0KKsLFcNr7YbkSA/1/4xcdasc="
    },
    "duplexify": {
      "version": "3.5.1",
      "resolved": "https://registry.npmjs.org/duplexify/-/duplexify-3.5.1.tgz",
      "integrity": "sha512-j5goxHTwVED1Fpe5hh3q9R93Kip0Bg2KVAt4f8CEYM3UEwYcPSvWbXaUQOzdX/HtiNomipv+gU7ASQPDbV7pGQ==",
      "requires": {
        "end-of-stream": "1.4.0",
        "inherits": "2.0.3",
        "readable-stream": "2.3.3",
        "stream-shift": "1.0.0"
      }
    },
    "emojis-list": {
      "version": "2.1.0",
      "resolved": "https://registry.npmjs.org/emojis-list/-/emojis-list-2.1.0.tgz",
      "integrity": "sha1-TapNnbAPmBmIDHn6RXrlsJof04k="
    },
    "end-of-stream": {
      "version": "1.4.0",
      "resolved": "https://registry.npmjs.org/end-of-stream/-/end-of-stream-1.4.0.tgz",
      "integrity": "sha1-epDYM+/abPpurA9JSduw+tOmMgY=",
      "requires": {
        "once": "1.4.0"
      }
    },
    "extend": {
      "version": "3.0.1",
      "resolved": "https://registry.npmjs.org/extend/-/extend-3.0.1.tgz",
      "integrity": "sha1-p1Xqe8Gt/MWjHOfnYtuq3F5jZEQ="
    },
    "extend-shallow": {
      "version": "2.0.1",
      "resolved": "https://registry.npmjs.org/extend-shallow/-/extend-shallow-2.0.1.tgz",
      "integrity": "sha1-Ua99YUrZqfYQ6huvu5idaxxWiQ8=",
      "requires": {
        "is-extendable": "0.1.1"
      }
    },
    "fast-deep-equal": {
      "version": "1.0.0",
      "resolved": "https://registry.npmjs.org/fast-deep-equal/-/fast-deep-equal-1.0.0.tgz",
      "integrity": "sha1-liVqO8l1WV6zbYLpkp0GDYk0Of8="
    },
    "fast-json-stable-stringify": {
      "version": "2.0.0",
      "resolved": "https://registry.npmjs.org/fast-json-stable-stringify/-/fast-json-stable-stringify-2.0.0.tgz",
      "integrity": "sha1-1RQsDK7msRifh9OnYREGT4bIu/I="
    },
    "fs.realpath": {
      "version": "1.0.0",
      "resolved": "https://registry.npmjs.org/fs.realpath/-/fs.realpath-1.0.0.tgz",
      "integrity": "sha1-FQStJSMVjKpA20onh8sBQRmU6k8="
    },
    "glob": {
      "version": "7.1.2",
      "resolved": "https://registry.npmjs.org/glob/-/glob-7.1.2.tgz",
      "integrity": "sha512-MJTUg1kjuLeQCJ+ccE4Vpa6kKVXkPYJ2mOCQyUuKLcLQsdrMCpBPUi8qVE6+YuaJkozeA9NusTAw3hLr8Xe5EQ==",
      "requires": {
        "fs.realpath": "1.0.0",
        "inflight": "1.0.6",
        "inherits": "2.0.3",
        "minimatch": "3.0.4",
        "once": "1.4.0",
        "path-is-absolute": "1.0.1"
      }
    },
    "glob-parent": {
      "version": "3.1.0",
      "resolved": "https://registry.npmjs.org/glob-parent/-/glob-parent-3.1.0.tgz",
      "integrity": "sha1-nmr2KZ2NO9K9QEMIMr0RPfkGxa4=",
      "requires": {
        "is-glob": "3.1.0",
        "path-dirname": "1.0.2"
      }
    },
    "glob-stream": {
      "version": "6.1.0",
      "resolved": "https://registry.npmjs.org/glob-stream/-/glob-stream-6.1.0.tgz",
      "integrity": "sha1-cEXJlBOz65SIjYOrRtC0BMx73eQ=",
      "requires": {
        "extend": "3.0.1",
        "glob": "7.1.2",
        "glob-parent": "3.1.0",
        "is-negated-glob": "1.0.0",
        "ordered-read-streams": "1.0.1",
        "pumpify": "1.3.5",
        "readable-stream": "2.3.3",
        "remove-trailing-separator": "1.1.0",
        "to-absolute-glob": "2.0.1",
        "unique-stream": "2.2.1"
      }
    },
    "help-me": {
      "version": "1.1.0",
      "resolved": "https://registry.npmjs.org/help-me/-/help-me-1.1.0.tgz",
      "integrity": "sha1-jy1QjQYAtKRW2i8IZVbn5cBWo8Y=",
      "requires": {
        "callback-stream": "1.1.0",
        "glob-stream": "6.1.0",
        "through2": "2.0.3",
        "xtend": "4.0.1"
      }
    },
    "in-array": {
      "version": "0.1.2",
      "resolved": "https://registry.npmjs.org/in-array/-/in-array-0.1.2.tgz",
      "integrity": "sha1-GiaDAJF3q5FK3gYgo1xQOYUfNxU="
    },
    "inflight": {
      "version": "1.0.6",
      "resolved": "https://registry.npmjs.org/inflight/-/inflight-1.0.6.tgz",
      "integrity": "sha1-Sb1jMdfQLQwJvJEKEHW6gWW1bfk=",
      "requires": {
        "once": "1.4.0",
        "wrappy": "1.0.2"
      }
    },
    "inherits": {
      "version": "2.0.3",
      "resolved": "https://registry.npmjs.org/inherits/-/inherits-2.0.3.tgz",
      "integrity": "sha1-Yzwsg+PaQqUC9SRmAiSA9CCCYd4="
    },
    "is-absolute": {
      "version": "0.2.6",
      "resolved": "https://registry.npmjs.org/is-absolute/-/is-absolute-0.2.6.tgz",
      "integrity": "sha1-IN5p89uULvLYe5wto28XIjWxtes=",
      "requires": {
        "is-relative": "0.2.1",
        "is-windows": "0.2.0"
      }
    },
    "is-extendable": {
      "version": "0.1.1",
      "resolved": "https://registry.npmjs.org/is-extendable/-/is-extendable-0.1.1.tgz",
      "integrity": "sha1-YrEQ4omkcUGOPsNqYX1HLjAd/Ik="
    },
    "is-extglob": {
      "version": "2.1.1",
      "resolved": "https://registry.npmjs.org/is-extglob/-/is-extglob-2.1.1.tgz",
      "integrity": "sha1-qIwCU1eR8C7TfHahueqXc8gz+MI="
    },
    "is-glob": {
      "version": "3.1.0",
      "resolved": "https://registry.npmjs.org/is-glob/-/is-glob-3.1.0.tgz",
      "integrity": "sha1-e6WuJCF4BKxwcHuWkiVnSGzD6Eo=",
      "requires": {
        "is-extglob": "2.1.1"
      }
    },
    "is-negated-glob": {
      "version": "1.0.0",
      "resolved": "https://registry.npmjs.org/is-negated-glob/-/is-negated-glob-1.0.0.tgz",
      "integrity": "sha1-aRC8pdqMleeEtXUbl2z1oQ/uNtI="
    },
    "is-relative": {
      "version": "0.2.1",
      "resolved": "https://registry.npmjs.org/is-relative/-/is-relative-0.2.1.tgz",
      "integrity": "sha1-0n9MfVFtF1+2ENuEu+7yPDvJeqU=",
      "requires": {
        "is-unc-path": "0.1.2"
      }
    },
    "is-unc-path": {
      "version": "0.1.2",
      "resolved": "https://registry.npmjs.org/is-unc-path/-/is-unc-path-0.1.2.tgz",
      "integrity": "sha1-arBTpyVzwQJQ/0FqOBTDUXivObk=",
      "requires": {
        "unc-path-regex": "0.1.2"
      }
    },
    "is-windows": {
      "version": "0.2.0",
      "resolved": "https://registry.npmjs.org/is-windows/-/is-windows-0.2.0.tgz",
      "integrity": "sha1-3hqm1j6indJIc3tp8f+LgALSEIw="
    },
    "isarray": {
      "version": "1.0.0",
      "resolved": "https://registry.npmjs.org/isarray/-/isarray-1.0.0.tgz",
      "integrity": "sha1-u5NdSFgsuhaMBoNJV6VKPgcSTxE="
    },
    "jquery": {
      "version": "3.2.1",
      "resolved": "https://registry.npmjs.org/jquery/-/jquery-3.2.1.tgz",
      "integrity": "sha1-XE2d5lKvbNCncBVKYxu6ErAVx4c="
    },
    "jquery-contextmenu": {
      "version": "2.6.3",
      "resolved": "https://registry.npmjs.org/jquery-contextmenu/-/jquery-contextmenu-2.6.3.tgz",
      "integrity": "sha1-Aqk3rSorv14xHx23weswR9wYNIE="
    },
    "json-schema-traverse": {
      "version": "0.3.1",
      "resolved": "https://registry.npmjs.org/json-schema-traverse/-/json-schema-traverse-0.3.1.tgz",
      "integrity": "sha1-NJptRMU6Ud6JtAgFxdXlm0F9M0A="
    },
    "json-stable-stringify": {
      "version": "1.0.1",
      "resolved": "https://registry.npmjs.org/json-stable-stringify/-/json-stable-stringify-1.0.1.tgz",
      "integrity": "sha1-mnWdOcXy/1A/1TAGRu1EX4jE+a8=",
      "requires": {
        "jsonify": "0.0.0"
      }
    },
    "json5": {
      "version": "0.5.1",
      "resolved": "https://registry.npmjs.org/json5/-/json5-0.5.1.tgz",
      "integrity": "sha1-Hq3nrMASA0rYTiOWdn6tn6VJWCE="
    },
    "jsonify": {
      "version": "0.0.0",
      "resolved": "https://registry.npmjs.org/jsonify/-/jsonify-0.0.0.tgz",
      "integrity": "sha1-LHS27kHZPKUbe1qu6PUDYx0lKnM="
    },
    "keyboard-shortcut": {
      "version": "1.2.0",
      "resolved": "https://registry.npmjs.org/keyboard-shortcut/-/keyboard-shortcut-1.2.0.tgz",
      "integrity": "sha1-VNa0pdLi6REp2H2Y/Gxw8cJyEYc=",
      "requires": {
        "vkeys": "1.2.0"
      }
    },
    "leven": {
      "version": "1.0.2",
      "resolved": "https://registry.npmjs.org/leven/-/leven-1.0.2.tgz",
      "integrity": "sha1-kUS27ryl8dBoAWnxpncNzqYLdcM="
    },
    "loader-utils": {
      "version": "1.1.0",
      "resolved": "https://registry.npmjs.org/loader-utils/-/loader-utils-1.1.0.tgz",
      "integrity": "sha1-yYrvSIvM7aL/teLeZG1qdUQp9c0=",
      "requires": {
        "big.js": "3.2.0",
        "emojis-list": "2.1.0",
        "json5": "0.5.1"
      }
    },
    "lodash": {
      "version": "4.17.4",
      "resolved": "https://registry.npmjs.org/lodash/-/lodash-4.17.4.tgz",
      "integrity": "sha1-eCA6TRwyiuHYbcpkYONptX9AVa4="
    },
    "mime": {
      "version": "1.4.1",
      "resolved": "https://registry.npmjs.org/mime/-/mime-1.4.1.tgz",
      "integrity": "sha512-KI1+qOZu5DcW6wayYHSzR/tXKCDC5Om4s1z2QJjDULzLcmf3DvzS7oluY4HCTrc+9FiKmWUgeNLg7W3uIQvxtQ=="
    },
    "minimatch": {
      "version": "3.0.4",
      "resolved": "https://registry.npmjs.org/minimatch/-/minimatch-3.0.4.tgz",
      "integrity": "sha512-yJHVQEhyqPLUTgt9B83PXu6W3rx4MvvHvSUvToogpwoGDOUQ+yDrR0HRot+yOCdCO7u4hX3pWft6kWBBcqh0UA==",
      "requires": {
        "brace-expansion": "1.1.8"
      }
    },
    "minimist": {
      "version": "1.2.0",
      "resolved": "https://registry.npmjs.org/minimist/-/minimist-1.2.0.tgz",
      "integrity": "sha1-o1AIsg9BOD7sH7kU9M1d95omQoQ="
    },
    "mqtt": {
      "version": "2.14.0",
      "resolved": "https://registry.npmjs.org/mqtt/-/mqtt-2.14.0.tgz",
      "integrity": "sha512-+EWCGlt+LP/H9xmX9/hZbsUz96DF5GQ48wC5Erd7tI4zuV55AH8oI8xyc5ql9DpujUrEF4Fq5G/v735z4iU4yA==",
      "requires": {
        "commist": "1.0.0",
        "concat-stream": "1.6.0",
        "end-of-stream": "1.4.0",
        "help-me": "1.1.0",
        "inherits": "2.0.3",
        "minimist": "1.2.0",
        "mqtt-packet": "5.4.0",
        "pump": "1.0.2",
        "readable-stream": "2.3.3",
        "reinterval": "1.1.0",
        "split2": "2.2.0",
        "websocket-stream": "5.1.1",
        "xtend": "4.0.1"
      }
    },
    "mqtt-packet": {
      "version": "5.4.0",
      "resolved": "https://registry.npmjs.org/mqtt-packet/-/mqtt-packet-5.4.0.tgz",
      "integrity": "sha512-ziN7uVysLdn7fYbOhEaKOhcZC3yIRTTakY4TFd2w+UvZIx9dPr8NCqbBYoC4WYDlzWHTn5EqR5x20pC+K24Ymg==",
      "requires": {
        "bl": "1.2.1",
        "inherits": "2.0.3",
        "process-nextick-args": "1.0.7",
        "safe-buffer": "5.1.1"
      }
    },
    "numeric": {
      "version": "1.2.6",
      "resolved": "https://registry.npmjs.org/numeric/-/numeric-1.2.6.tgz",
      "integrity": "sha1-dlsCvvl5iPz4gNTrPza4D6MTNao="
    },
    "once": {
      "version": "1.4.0",
      "resolved": "https://registry.npmjs.org/once/-/once-1.4.0.tgz",
      "integrity": "sha1-WDsap3WWHUsROsF9nFC6753Xa9E=",
      "requires": {
        "wrappy": "1.0.2"
      }
    },
    "ordered-read-streams": {
      "version": "1.0.1",
      "resolved": "https://registry.npmjs.org/ordered-read-streams/-/ordered-read-streams-1.0.1.tgz",
      "integrity": "sha1-d8DLN8QVJdZBZtmQ/61+xqDhNj4=",
      "requires": {
        "readable-stream": "2.3.3"
      }
    },
    "paho-mqtt": {
      "version": "git+https://github.com/AngelKyriako/paho.mqtt.javascript.git#c8c4b8ef92800288810e56a92f5c15ec997c11d9"
    },
    "path-dirname": {
      "version": "1.0.2",
      "resolved": "https://registry.npmjs.org/path-dirname/-/path-dirname-1.0.2.tgz",
      "integrity": "sha1-zDPSTVJeCZpTiMAzbG4yuRYGCeA="
    },
    "path-is-absolute": {
      "version": "1.0.1",
      "resolved": "https://registry.npmjs.org/path-is-absolute/-/path-is-absolute-1.0.1.tgz",
      "integrity": "sha1-F0uSaHNVNP+8es5r9TpanhtcX18="
    },
    "process-nextick-args": {
      "version": "1.0.7",
      "resolved": "https://registry.npmjs.org/process-nextick-args/-/process-nextick-args-1.0.7.tgz",
      "integrity": "sha1-FQ4gt1ZZCtP5EJPyWk8q2L/zC6M="
    },
    "pump": {
      "version": "1.0.2",
      "resolved": "https://registry.npmjs.org/pump/-/pump-1.0.2.tgz",
      "integrity": "sha1-Oz7mUS+U8OV1U4wXmV+fFpkKXVE=",
      "requires": {
        "end-of-stream": "1.4.0",
        "once": "1.4.0"
      }
    },
    "pumpify": {
      "version": "1.3.5",
      "resolved": "https://registry.npmjs.org/pumpify/-/pumpify-1.3.5.tgz",
      "integrity": "sha1-G2ccYZlAq8rqwK0OOjwWS+dgmTs=",
      "requires": {
        "duplexify": "3.5.1",
        "inherits": "2.0.3",
        "pump": "1.0.2"
      }
    },
    "readable-stream": {
      "version": "2.3.3",
      "resolved": "https://registry.npmjs.org/readable-stream/-/readable-stream-2.3.3.tgz",
      "integrity": "sha512-m+qzzcn7KUxEmd1gMbchF+Y2eIUbieUaxkWtptyHywrX0rE8QEYqPC07Vuy4Wm32/xE16NcdBctb8S0Xe/5IeQ==",
      "requires": {
        "core-util-is": "1.0.2",
        "inherits": "2.0.3",
        "isarray": "1.0.0",
        "process-nextick-args": "1.0.7",
        "safe-buffer": "5.1.1",
        "string_decoder": "1.0.3",
        "util-deprecate": "1.0.2"
      }
    },
    "reinterval": {
      "version": "1.1.0",
      "resolved": "https://registry.npmjs.org/reinterval/-/reinterval-1.1.0.tgz",
      "integrity": "sha1-M2Hs+jymwYKDOA3Qu5VG85D17Oc="
    },
    "remove-trailing-separator": {
      "version": "1.1.0",
      "resolved": "https://registry.npmjs.org/remove-trailing-separator/-/remove-trailing-separator-1.1.0.tgz",
      "integrity": "sha1-wkvOKig62tW8P1jg1IJJuSN52O8="
    },
    "safe-buffer": {
      "version": "5.1.1",
      "resolved": "https://registry.npmjs.org/safe-buffer/-/safe-buffer-5.1.1.tgz",
      "integrity": "sha512-kKvNJn6Mm93gAczWVJg7wH+wGYWNrDHdWvpUmHyEsgCtIwwo3bqPtV4tR5tuPaUhTOo/kvhVwd8XwwOllGYkbg=="
    },
    "schema-utils": {
      "version": "0.3.0",
      "resolved": "https://registry.npmjs.org/schema-utils/-/schema-utils-0.3.0.tgz",
      "integrity": "sha1-9YdyIs4+kx7a4DnxfrNxbnE3+M8=",
      "requires": {
        "ajv": "5.3.0"
      }
    },
    "signals": {
      "version": "1.0.0",
      "resolved": "https://registry.npmjs.org/signals/-/signals-1.0.0.tgz",
      "integrity": "sha1-ZfDBWZNSs1Ny7KrlolDmEHN27Wk="
    },
    "split2": {
      "version": "2.2.0",
      "resolved": "https://registry.npmjs.org/split2/-/split2-2.2.0.tgz",
      "integrity": "sha512-RAb22TG39LhI31MbreBgIuKiIKhVsawfTgEGqKHTK87aG+ul/PB8Sqoi3I7kVdRWiCfrKxK3uo4/YUkpNvhPbw==",
      "requires": {
        "through2": "2.0.3"
      }
    },
    "stream-shift": {
      "version": "1.0.0",
      "resolved": "https://registry.npmjs.org/stream-shift/-/stream-shift-1.0.0.tgz",
      "integrity": "sha1-1cdSgl5TZ+eG944Y5EXqIjoVWVI="
    },
    "string_decoder": {
      "version": "1.0.3",
      "resolved": "https://registry.npmjs.org/string_decoder/-/string_decoder-1.0.3.tgz",
      "integrity": "sha512-4AH6Z5fzNNBcH+6XDMfA/BTt87skxqJlO0lAh3Dker5zThcAxG6mKz+iGu308UKoPPQ8Dcqx/4JhujzltRa+hQ==",
      "requires": {
        "safe-buffer": "5.1.1"
      }
    },
    "three": {
      "version": "0.87.1",
      "resolved": "https://registry.npmjs.org/three/-/three-0.87.1.tgz",
      "integrity": "sha1-Rmo07cRUNFnO2bnX0na2Uhb+K6g="
    },
    "three-helpers.mouse-event-handler": {
      "version": "1.0.1",
      "resolved": "https://registry.npmjs.org/three-helpers.mouse-event-handler/-/three-helpers.mouse-event-handler-1.0.1.tgz",
      "integrity": "sha1-+z4EGkaFigfTgW5CvGeEjMtKOPg=",
      "requires": {
        "backbone": "1.3.3",
        "lodash": "4.17.4"
      }
    },
    "three-helpers.svg-paths-group": {
      "version": "1.0.3",
      "resolved": "https://registry.npmjs.org/three-helpers.svg-paths-group/-/three-helpers.svg-paths-group-1.0.3.tgz",
      "integrity": "sha512-lq2CeV1f5KT4py5QjQvFwpotITZCbCluiRNx69BCYje8WxW9hitClWcIW775HbqjpK52uuSlJZ2EQEUzvis1Jw==",
      "requires": {
        "lodash": "4.17.4",
        "two.js": "github:jonobr1/two.js#42d5ae4ad53102c65c4712da8630cc81bf1677aa"
      },
      "dependencies": {
        "two.js": {
          "version": "github:jonobr1/two.js#42d5ae4ad53102c65c4712da8630cc81bf1677aa"
        }
      }
    },
    "three-orbit-controls": {
      "version": "82.1.0",
      "resolved": "https://registry.npmjs.org/three-orbit-controls/-/three-orbit-controls-82.1.0.tgz",
      "integrity": "sha1-EafzPQog7OyY8Jizd4D2U3N0+rQ="
    },
    "three-window-resize": {
      "version": "1.0.4",
      "resolved": "https://registry.npmjs.org/three-window-resize/-/three-window-resize-1.0.4.tgz",
      "integrity": "sha1-1jamXSL1h8h8PTthKdm10gsNfQk="
    },
    "three.meshline": {
      "version": "1.0.3",
      "resolved": "https://registry.npmjs.org/three.meshline/-/three.meshline-1.0.3.tgz",
      "integrity": "sha1-hekZDZ3ha73P/MCDdGw+qCvhWps="
    },
    "three.planetransform": {
      "version": "1.0.0",
      "resolved": "https://registry.npmjs.org/three.planetransform/-/three.planetransform-1.0.0.tgz",
      "integrity": "sha512-KiaJqwUYRPc/mBWbamI/7NPWb5XcVIpSxpbcjEsXZ6HsTO1bWhgdszgzweJRg0Ymc/Hvhrb0CESa9lK2X5jfyQ==",
      "requires": {
        "lodash": "4.17.4",
        "numeric": "1.2.6"
      }
    },
    "threex-domevents": {
      "version": "1.0.0",
      "resolved": "https://registry.npmjs.org/threex-domevents/-/threex-domevents-1.0.0.tgz",
      "integrity": "sha1-3vOBHkOMFP+uIFAzpO22SFDx2kU="
    },
    "through2": {
      "version": "2.0.3",
      "resolved": "https://registry.npmjs.org/through2/-/through2-2.0.3.tgz",
      "integrity": "sha1-AARWmzfHx0ujnEPzzteNGtlBQL4=",
      "requires": {
        "readable-stream": "2.3.3",
        "xtend": "4.0.1"
      }
    },
    "through2-filter": {
      "version": "2.0.0",
      "resolved": "https://registry.npmjs.org/through2-filter/-/through2-filter-2.0.0.tgz",
      "integrity": "sha1-YLxVoNrLdghdsfna6Zq0P4PWIuw=",
      "requires": {
        "through2": "2.0.3",
        "xtend": "4.0.1"
      }
    },
    "to-absolute-glob": {
      "version": "2.0.1",
      "resolved": "https://registry.npmjs.org/to-absolute-glob/-/to-absolute-glob-2.0.1.tgz",
      "integrity": "sha1-cMN1gFueMQXome6NvdapqhCPQHs=",
      "requires": {
        "extend-shallow": "2.0.1",
        "is-absolute": "0.2.6",
        "is-negated-glob": "1.0.0"
      }
    },
    "typedarray": {
      "version": "0.0.6",
      "resolved": "https://registry.npmjs.org/typedarray/-/typedarray-0.0.6.tgz",
      "integrity": "sha1-hnrHTjhkGHsdPUfZlqeOxciDB3c="
    },
    "ultron": {
      "version": "1.1.0",
      "resolved": "https://registry.npmjs.org/ultron/-/ultron-1.1.0.tgz",
      "integrity": "sha1-sHoualQagV/Go0zNRTO67DB8qGQ="
    },
    "unc-path-regex": {
      "version": "0.1.2",
      "resolved": "https://registry.npmjs.org/unc-path-regex/-/unc-path-regex-0.1.2.tgz",
      "integrity": "sha1-5z3T17DXxe2G+6xrCufYxqadUPo="
    },
    "underscore": {
      "version": "1.8.3",
      "resolved": "https://registry.npmjs.org/underscore/-/underscore-1.8.3.tgz",
      "integrity": "sha1-Tz+1OxBuYJf8+ctBCfKl6b36UCI="
    },
    "unique-stream": {
      "version": "2.2.1",
      "resolved": "https://registry.npmjs.org/unique-stream/-/unique-stream-2.2.1.tgz",
      "integrity": "sha1-WqADz76Uxf+GbE59ZouxxNuts2k=",
      "requires": {
        "json-stable-stringify": "1.0.1",
        "through2-filter": "2.0.0"
      }
    },
    "url-loader": {
      "version": "0.6.2",
      "resolved": "https://registry.npmjs.org/url-loader/-/url-loader-0.6.2.tgz",
      "integrity": "sha512-h3qf9TNn53BpuXTTcpC+UehiRrl0Cv45Yr/xWayApjw6G8Bg2dGke7rIwDQ39piciWCWrC+WiqLjOh3SUp9n0Q==",
      "requires": {
        "loader-utils": "1.1.0",
        "mime": "1.4.1",
        "schema-utils": "0.3.0"
      }
    },
    "util-deprecate": {
      "version": "1.0.2",
      "resolved": "https://registry.npmjs.org/util-deprecate/-/util-deprecate-1.0.2.tgz",
      "integrity": "sha1-RQ1Nyfpw3nMnYvvS1KKJgUGaDM8="
    },
    "vkeys": {
      "version": "1.2.0",
      "resolved": "https://registry.npmjs.org/vkeys/-/vkeys-1.2.0.tgz",
      "integrity": "sha1-mDsyFhtimlJhEWSCI+BDK2AE05s="
    },
    "websocket-stream": {
      "version": "5.1.1",
      "resolved": "https://registry.npmjs.org/websocket-stream/-/websocket-stream-5.1.1.tgz",
      "integrity": "sha512-ypQ50zVCnikSvJcRFWaZh7xeCufSje5+mbJRq3mdvdNx+06TD98C+bQsSKc7FkI6y1PVuNbzkenGywxlFiQeUQ==",
      "requires": {
        "duplexify": "3.5.1",
        "inherits": "2.0.3",
        "readable-stream": "2.3.3",
        "safe-buffer": "5.1.1",
        "ws": "3.3.0",
        "xtend": "4.0.1"
      }
    },
    "wrappy": {
      "version": "1.0.2",
      "resolved": "https://registry.npmjs.org/wrappy/-/wrappy-1.0.2.tgz",
      "integrity": "sha1-tSQ9jz7BqjXxNkYFvA0QNuMKtp8="
    },
    "ws": {
      "version": "3.3.0",
      "resolved": "https://registry.npmjs.org/ws/-/ws-3.3.0.tgz",
      "integrity": "sha512-XPwGf44sJI6zgBpiWk44HQG6pK7HABl4F77Uydtb6BcgTC8fFpXHKM8bGu4AdBMtIjREDbNlvGitRZnwi0vXCA==",
      "requires": {
        "async-limiter": "1.0.0",
        "safe-buffer": "5.1.1",
        "ultron": "1.1.0"
      }
    },
    "xtend": {
      "version": "4.0.1",
      "resolved": "https://registry.npmjs.org/xtend/-/xtend-4.0.1.tgz",
      "integrity": "sha1-pcbVMr5lbiPbgg77lDofBJmNY68="
    }
  }
}
